
Microsoft Visual Studio Solution File, Format Version 12.00
# Visual Studio Version 16
VisualStudioVersion = 16.0.30204.135
MinimumVisualStudioVersion = 10.0.40219.1
Project("{9A19103F-16F7-4668-BE54-9A1E7A4F7556}") = "Broker", "Broker\Broker.csproj", "{1EC0D766-715B-4347-90EC-3353ABEC124C}"
EndProject
Global
	GlobalSection(SolutionConfigurationPlatforms) = preSolution
		Debug|Any CPU = Debug|Any CPU
		Release|Any CPU = Release|Any CPU
	EndGlobalSection
	GlobalSection(ProjectConfigurationPlatforms) = postSolution
		{1EC0D766-715B-4347-90EC-3353ABEC124C}.Debug|Any CPU.ActiveCfg = Debug|Any CPU
		{1EC0D766-715B-4347-90EC-3353ABEC124C}.Debug|Any CPU.Build.0 = Debug|Any CPU
		{1EC0D766-715B-4347-90EC-3353ABEC124C}.Release|Any CPU.ActiveCfg = Release|Any CPU
		{1EC0D766-715B-4347-90EC-3353ABEC124C}.Release|Any CPU.Build.0 = Release|Any CPU
	EndGlobalSection
	GlobalSection(SolutionProperties) = preSolution
		HideSolutionNode = FALSE
	EndGlobalSection
	GlobalSection(ExtensibilityGlobals) = postSolution
		SolutionGuid = {9D95AA92-AEFD-4C34-93C8-A0F0DFE2AF0B}
	EndGlobalSection
EndGlobal
